// !$*UTF8*$!
{
	archiveVersion = 1;
	classes = {
	};
	objectVersion = 50;
	objects = {

/* Begin PBXBuildFile section */
		AF958982275F65B100D3E6DB /* AppDelegate.swift in Sources */ = {isa = PBXBuildFile; fileRef = AF958981275F65B100D3E6DB /* AppDelegate.swift */; };
		AF958984275F65B100D3E6DB /* SceneDelegate.swift in Sources */ = {isa = PBXBuildFile; fileRef = AF958983275F65B100D3E6DB /* SceneDelegate.swift */; };
		AF958986275F65B100D3E6DB /* ViewController.swift in Sources */ = {isa = PBXBuildFile; fileRef = AF958985275F65B100D3E6DB /* ViewController.swift */; };
		AF958989275F65B100D3E6DB /* Main.storyboard in Resources */ = {isa = PBXBuildFile; fileRef = AF958987275F65B100D3E6DB /* Main.storyboard */; };
		AF95898C275F65B100D3E6DB /* Practical_Test_IOS.xcdatamodeld in Sources */ = {isa = PBXBuildFile; fileRef = AF95898A275F65B100D3E6DB /* Practical_Test_IOS.xcdatamodeld */; };
		AF95898E275F65B200D3E6DB /* Assets.xcassets in Resources */ = {isa = PBXBuildFile; fileRef = AF95898D275F65B200D3E6DB /* Assets.xcassets */; };
		AF958991275F65B200D3E6DB /* LaunchScreen.storyboard in Resources */ = {isa = PBXBuildFile; fileRef = AF95898F275F65B200D3E6DB /* LaunchScreen.storyboard */; };
/* End PBXBuildFile section */

/* Begin PBXFileReference section */
		AF95897E275F65B100D3E6DB /* Practical Test IOS.app */ = {isa = PBXFileReference; explicitFileType = wrapper.application; includeInIndex = 0; path = "Practical Test IOS.app"; sourceTree = BUILT_PRODUCTS_DIR; };
		AF958981275F65B100D3E6DB /* AppDelegate.swift */ = {isa = PBXFileReference; lastKnownFileType = sourcecode.swift; path = AppDelegate.swift; sourceTree = "<group>"; };
		AF958983275F65B100D3E6DB /* SceneDelegate.swift */ = {isa = PBXFileReference; lastKnownFileType = sourcecode.swift; path = SceneDelegate.swift; sourceTree = "<group>"; };
		AF958985275F65B100D3E6DB /* ViewController.swift */ = {isa = PBXFileReference; lastKnownFileType = sourcecode.swift; path = ViewController.swift; sourceTree = "<group>"; };
		AF958988275F65B100D3E6DB /* Base */ = {isa = PBXFileReference; lastKnownFileType = file.storyboard; name = Base; path = Base.lproj/Main.storyboard; sourceTree = "<group>"; };
		AF95898B275F65B100D3E6DB /* Practical_Test_IOS.xcdatamodel */ = {isa = PBXFileReference; lastKnownFileType = wrapper.xcdatamodel; path = Practical_Test_IOS.xcdatamodel; sourceTree = "<group>"; };
		AF95898D275F65B200D3E6DB /* Assets.xcassets */ = {isa = PBXFileReference; lastKnownFileType = folder.assetcatalog; path = Assets.xcassets; sourceTree = "<group>"; };
		AF958990275F65B200D3E6DB /* Base */ = {isa = PBXFileReference; lastKnownFileType = file.storyboard; name = Base; path = Base.lproj/LaunchScreen.storyboard; sourceTree = "<group>"; };
		AF958992275F65B200D3E6DB /* Info.plist */ = {isa = PBXFileReference; lastKnownFileType = text.plist.xml; path = Info.plist; sourceTree = "<group>"; };
/* End PBXFileReference section */

/* Begin PBXFrameworksBuildPhase section */
		AF95897B275F65B100D3E6DB /* Frameworks */ = {
			isa = PBXFrameworksBuildPhase;
			buildActionMask = 2147483647;
			files = (
			);
			runOnlyForDeploymentPostprocessing = 0;
		};
/* End PBXFrameworksBuildPhase section */

/* Begin PBXGroup section */
		AF958975275F65B100D3E6DB = {
			isa = PBXGroup;
			children = (
				AF958980275F65B100D3E6DB /* Practical Test IOS */,
				AF95897F275F65B100D3E6DB /* Products */,
			);
			sourceTree = "<group>";
		};
		AF95897F275F65B100D3E6DB /* Products */ = {
			isa = PBXGroup;
			children = (
				AF95897E275F65B100D3E6DB /* Practical Test IOS.app */,
			);
			name = Products;
			sourceTree = "<group>";
		};
		AF958980275F65B100D3E6DB /* Practical Test IOS */ = {
			isa = PBXGroup;
			children = (
				AF95899B275F9EF700D3E6DB /* View */,
				AF95899A275F9EE800D3E6DB /* ViewModel */,
				AF958999275F9EDA00D3E6DB /* Controller */,
				AF958998275F9ECD00D3E6DB /* Model */,
				AF958981275F65B100D3E6DB /* AppDelegate.swift */,
				AF958983275F65B100D3E6DB /* SceneDelegate.swift */,
				AF95898D275F65B200D3E6DB /* Assets.xcassets */,
				AF95898F275F65B200D3E6DB /* LaunchScreen.storyboard */,
				AF958992275F65B200D3E6DB /* Info.plist */,
				AF95898A275F65B100D3E6DB /* Practical_Test_IOS.xcdatamodeld */,
			);
			path = "Practical Test IOS";
			sourceTree = "<group>";
		};
		AF958998275F9ECD00D3E6DB /* Model */ = {
			isa = PBXGroup;
			children = (
			);
			path = Model;
			sourceTree = "<group>";
		};
		AF958999275F9EDA00D3E6DB /* Controller */ = {
			isa = PBXGroup;
			children = (
				AF958985275F65B100D3E6DB /* ViewController.swift */,
			);
			path = Controller;
			sourceTree = "<group>";
		};
		AF95899A275F9EE800D3E6DB /* ViewModel */ = {
			isa = PBXGroup;
			children = (
			);
			path = ViewModel;
			sourceTree = "<group>";
		};
		AF95899B275F9EF700D3E6DB /* View */ = {
			isa = PBXGroup;
			children = (
				AF958987275F65B100D3E6DB /* Main.storyboard */,
			);
			path = View;
			sourceTree = "<group>";
		};
/* End PBXGroup section */

/* Begin PBXNativeTarget section */
		AF95897D275F65B100D3E6DB /* Practical Test IOS */ = {
			isa = PBXNativeTarget;
			buildConfigurationList = AF958995275F65B200D3E6DB /* Build configuration list for PBXNativeTarget "Practical Test IOS" */;
			buildPhases = (
				AF95897A275F65B100D3E6DB /* Sources */,
				AF95897B275F65B100D3E6DB /* Frameworks */,
				AF95897C275F65B100D3E6DB /* Resources */,
			);
			buildRules = (
			);
			dependencies = (
			);
			name = "Practical Test IOS";
			productName = "Practical Test IOS";
			productReference = AF95897E275F65B100D3E6DB /* Practical Test IOS.app */;
			productType = "com.apple.product-type.application";
		};
/* End PBXNativeTarget section */

/* Begin PBXProject section */
		AF958976275F65B100D3E6DB /* Project object */ = {
			isa = PBXProject;
			attributes = {
				LastSwiftUpdateCheck = 1250;
				LastUpgradeCheck = 1250;
				TargetAttributes = {
					AF95897D275F65B100D3E6DB = {
						CreatedOnToolsVersion = 12.5.1;
					};
				};
			};
			buildConfigurationList = AF958979275F65B100D3E6DB /* Build configuration list for PBXProject "Practical Test IOS" */;
			compatibilityVersion = "Xcode 9.3";
			developmentRegion = en;
			hasScannedForEncodings = 0;
			knownRegions = (
				en,
				Base,
			);
			mainGroup = AF958975275F65B100D3E6DB;
			productRefGroup = AF95897F275F65B100D3E6DB /* Products */;
			projectDirPath = "";
			projectRoot = "";
			targets = (
				AF95897D275F65B100D3E6DB /* Practical Test IOS */,
			);
		};
/* End PBXProject section */

/* Begin PBXResourcesBuildPhase section */
		AF95897C275F65B100D3E6DB /* Resources */ = {
			isa = PBXResourcesBuildPhase;
			buildActionMask = 2147483647;
			files = (
				AF958991275F65B200D3E6DB /* LaunchScreen.storyboard in Resources */,
				AF95898E275F65B200D3E6DB /* Assets.xcassets in Resources */,
				AF958989275F65B100D3E6DB /* Main.storyboard in Resources */,
			);
			runOnlyForDeploymentPostprocessing = 0;
		};
/* End PBXResourcesBuildPhase section */

/* Begin PBXSourcesBuildPhase section */
		AF95897A275F65B100D3E6DB /* Sources */ = {
			isa = PBXSourcesBuildPhase;
			buildActionMask = 2147483647;
			files = (
				AF958986275F65B100D3E6DB /* ViewController.swift in Sources */,
				AF958982275F65B100D3E6DB /* AppDelegate.swift in Sources */,
				AF958984275F65B100D3E6DB /* SceneDelegate.swift in Sources */,
				AF95898C275F65B100D3E6DB /* Practical_Test_IOS.xcdatamodeld in Sources */,
			);
			runOnlyForDeploymentPostprocessing = 0;
		};
/* End PBXSourcesBuildPhase section */

/* Begin PBXVariantGroup section */
		AF958987275F65B100D3E6DB /* Main.storyboard */ = {
			isa = PBXVariantGroup;
			children = (
				AF958988275F65B100D3E6DB /* Base */,
			);
			name = Main.storyboard;
			sourceTree = "<group>";
		};
		AF95898F275F65B200D3E6DB /* LaunchScreen.storyboard */ = {
			isa = PBXVariantGroup;
			children = (
				AF958990275F65B200D3E6DB /* Base */,
			);
			name = LaunchScreen.storyboard;
			sourceTree = "<group>";
		};
/* End PBXVariantGroup section */

/* Begin XCBuildConfiguration section */
		AF958993275F65B200D3E6DB /* Debug */ = {
			isa = XCBuildConfiguration;
			buildSettings = {
				ALWAYS_SEARCH_USER_PATHS = NO;
				CLANG_ANALYZER_NONNULL = YES;
				CLANG_ANALYZER_NUMBER_OBJECT_CONVERSION = YES_AGGRESSIVE;
				CLANG_CXX_LANGUAGE_STANDARD = "gnu++14";
				CLANG_CXX_LIBRARY = "libc++";
				CLANG_ENABLE_MODULES = YES;
				CLANG_ENABLE_OBJC_ARC = YES;
				CLANG_ENABLE_OBJC_WEAK = YES;
				CLANG_WARN_BLOCK_CAPTURE_AUTORELEASING = YES;
				CLANG_WARN_BOOL_CONVERSION = YES;
				CLANG_WARN_COMMA = YES;
				CLANG_WARN_CONSTANT_CONVERSION = YES;
				CLANG_WARN_DEPRECATED_OBJC_IMPLEMENTATIONS = YES;
				CLANG_WARN_DIRECT_OBJC_ISA_USAGE = YES_ERROR;
				CLANG_WARN_DOCUMENTATION_COMMENTS = YES;
				CLANG_WARN_EMPTY_BODY = YES;
				CLANG_WARN_ENUM_CONVERSION = YES;
				CLANG_WARN_INFINITE_RECURSION = YES;
				CLANG_WARN_INT_CONVERSION = YES;
				CLANG_WARN_NON_LITERAL_NULL_CONVERSION = YES;
				CLANG_WARN_OBJC_IMPLICIT_RETAIN_SELF = YES;
				CLANG_WARN_OBJC_LITERAL_CONVERSION = YES;
				CLANG_WARN_OBJC_ROOT_CLASS = YES_ERROR;
				CLANG_WARN_QUOTED_INCLUDE_IN_FRAMEWORK_HEADER = YES;
				CLANG_WARN_RANGE_LOOP_ANALYSIS = YES;
				CLANG_WARN_STRICT_PROTOTYPES = YES;
				CLANG_WARN_SUSPICIOUS_MOVE = YES;
				CLANG_WARN_UNGUARDED_AVAILABILITY = YES_AGGRESSIVE;
				CLANG_WARN_UNREACHABLE_CODE = YES;
				CLANG_WARN__DUPLICATE_METHOD_MATCH = YES;
				COPY_PHASE_STRIP = NO;
				DEBUG_INFORMATION_FORMAT = dwarf;
				ENABLE_STRICT_OBJC_MSGSEND = YES;
				ENABLE_TESTABILITY = YES;
				GCC_C_LANGUAGE_STANDARD = gnu11;
				GCC_DYNAMIC_NO_PIC = NO;
				GCC_NO_COMMON_BLOCKS = YES;
				GCC_OPTIMIZATION_LEVEL = 0;
				GCC_PREPROCESSOR_DEFINITIONS = (
					"DEBUG=1",
					"$(inherited)",
				);
				GCC_WARN_64_TO_32_BIT_CONVERSION = YES;
				GCC_WARN_ABOUT_RETURN_TYPE = YES_ERROR;
				GCC_WARN_UNDECLARED_SELECTOR = YES;
				GCC_WARN_UNINITIALIZED_AUTOS = YES_AGGRESSIVE;
				GCC_WARN_UNUSED_FUNCTION = YES;
				GCC_WARN_UNUSED_VARIABLE = YES;
				IPHONEOS_DEPLOYMENT_TARGET = 14.5;
				MTL_ENABLE_DEBUG_INFO = INCLUDE_SOURCE;
				MTL_FAST_MATH = YES;
				ONLY_ACTIVE_ARCH = YES;
				SDKROOT = iphoneos;
				SWIFT_ACTIVE_COMPILATION_CONDITIONS = DEBUG;
				SWIFT_OPTIMIZATION_LEVEL = "-Onone";
			};
			name = Debug;
		};
		AF958994275F65B200D3E6DB /* Release */ = {
			isa = XCBuildConfiguration;
			buildSettings = {
				ALWAYS_SEARCH_USER_PATHS = NO;
				CLANG_ANALYZER_NONNULL = YES;
				CLANG_ANALYZER_NUMBER_OBJECT_CONVERSION = YES_AGGRESSIVE;
				CLANG_CXX_LANGUAGE_STANDARD = "gnu++14";
				CLANG_CXX_LIBRARY = "libc++";
				CLANG_ENABLE_MODULES = YES;
				CLANG_ENABLE_OBJC_ARC = YES;
				CLANG_ENABLE_OBJC_WEAK = YES;
				CLANG_WARN_BLOCK_CAPTURE_AUTORELEASING = YES;
				CLANG_WARN_BOOL_CONVERSION = YES;
				CLANG_WARN_COMMA = YES;
				CLANG_WARN_CONSTANT_CONVERSION = YES;
				CLANG_WARN_DEPRECATED_OBJC_IMPLEMENTATIONS = YES;
				CLANG_WARN_DIRECT_OBJC_ISA_USAGE = YES_ERROR;
				CLANG_WARN_DOCUMENTATION_COMMENTS = YES;
				CLANG_WARN_EMPTY_BODY = YES;
				CLANG_WARN_ENUM_CONVERSION = YES;
				CLANG_WARN_INFINITE_RECURSION = YES;
				CLANG_WARN_INT_CONVERSION = YES;
				CLANG_WARN_NON_LITERAL_NULL_CONVERSION = YES;
				CLANG_WARN_OBJC_IMPLICIT_RETAIN_SELF = YES;
				CLANG_WARN_OBJC_LITERAL_CONVERSION = YES;
				CLANG_WARN_OBJC_ROOT_CLASS = YES_ERROR;
				CLANG_WARN_QUOTED_INCLUDE_IN_FRAMEWORK_HEADER = YES;
				CLANG_WARN_RANGE_LOOP_ANALYSIS = YES;
				CLANG_WARN_STRICT_PROTOTYPES = YES;
				CLANG_WARN_SUSPICIOUS_MOVE = YES;
				CLANG_WARN_UNGUARDED_AVAILABILITY = YES_AGGRESSIVE;
				CLANG_WARN_UNREACHABLE_CODE = YES;
				CLANG_WARN__DUPLICATE_METHOD_MATCH = YES;
				COPY_PHASE_STRIP = NO;
				DEBUG_INFORMATION_FORMAT = "dwarf-with-dsym";
				ENABLE_NS_ASSERTIONS = NO;
				ENABLE_STRICT_OBJC_MSGSEND = YES;
				GCC_C_LANGUAGE_STANDARD = gnu11;
				GCC_NO_COMMON_BLOCKS = YES;
				GCC_WARN_64_TO_32_BIT_CONVERSION = YES;
				GCC_WARN_ABOUT_RETURN_TYPE = YES_ERROR;
				GCC_WARN_UNDECLARED_SELECTOR = YES;
				GCC_WARN_UNINITIALIZED_AUTOS = YES_AGGRESSIVE;
				GCC_WARN_UNUSED_FUNCTION = YES;
				GCC_WARN_UNUSED_VARIABLE = YES;
				IPHONEOS_DEPLOYMENT_TARGET = 14.5;
				MTL_ENABLE_DEBUG_INFO = NO;
				MTL_FAST_MATH = YES;
				SDKROOT = iphoneos;
				SWIFT_COMPILATION_MODE = wholemodule;
				SWIFT_OPTIMIZATION_LEVEL = "-O";
				VALIDATE_PRODUCT = YES;
			};
			name = Release;
		};
		AF958996275F65B200D3E6DB /* Debug */ = {
			isa = XCBuildConfiguration;
			buildSettings = {
				ASSETCATALOG_COMPILER_APPICON_NAME = AppIcon;
				ASSETCATALOG_COMPILER_GLOBAL_ACCENT_COLOR_NAME = AccentColor;
				CODE_SIGN_STYLE = Automatic;
				DEVELOPMENT_TEAM = ZS8HL9A466;
				INFOPLIST_FILE = "Practical Test IOS/Info.plist";
				IPHONEOS_DEPLOYMENT_TARGET = 11.0;
				LD_RUNPATH_SEARCH_PATHS = (
					"$(inherited)",
					"@executable_path/Frameworks",
				);
				PRODUCT_BUNDLE_IDENTIFIER = "com.imalka.PracticalVitalHub.Practical-Test-IOS";
				PRODUCT_NAME = "$(TARGET_NAME)";
				SWIFT_VERSION = 4.2;
				TARGETED_DEVICE_FAMILY = "1,2";
			};
			name = Debug;
		};
		AF958997275F65B200D3E6DB /* Release */ = {
			isa = XCBuildConfiguration;
			buildSettings = {
				ASSETCATALOG_COMPILER_APPICON_NAME = AppIcon;
				ASSETCATALOG_COMPILER_GLOBAL_ACCENT_COLOR_NAME = AccentColor;
				CODE_SIGN_STYLE = Automatic;
				DEVELOPMENT_TEAM = ZS8HL9A466;
				INFOPLIST_FILE = "Practical Test IOS/Info.plist";
				IPHONEOS_DEPLOYMENT_TARGET = 11.0;
				LD_RUNPATH_SEARCH_PATHS = (
					"$(inherited)",
					"@executable_path/Frameworks",
				);
				PRODUCT_BUNDLE_IDENTIFIER = "com.imalka.PracticalVitalHub.Practical-Test-IOS";
				PRODUCT_NAME = "$(TARGET_NAME)";
				SWIFT_VERSION = 4.2;
				TARGETED_DEVICE_FAMILY = "1,2";
			};
			name = Release;
		};
/* End XCBuildConfiguration section */

/* Begin XCConfigurationList section */
		AF958979275F65B100D3E6DB /* Build configuration list for PBXProject "Practical Test IOS" */ = {
			isa = XCConfigurationList;
			buildConfigurations = (
				AF958993275F65B200D3E6DB /* Debug */,
				AF958994275F65B200D3E6DB /* Release */,
			);
			defaultConfigurationIsVisible = 0;
			defaultConfigurationName = Release;
		};
		AF958995275F65B200D3E6DB /* Build configuration list for PBXNativeTarget "Practical Test IOS" */ = {
			isa = XCConfigurationList;
			buildConfigurations = (
				AF958996275F65B200D3E6DB /* Debug */,
				AF958997275F65B200D3E6DB /* Release */,
			);
			defaultConfigurationIsVisible = 0;
			defaultConfigurationName = Release;
		};
/* End XCConfigurationList section */

/* Begin XCVersionGroup section */
		AF95898A275F65B100D3E6DB /* Practical_Test_IOS.xcdatamodeld */ = {
			isa = XCVersionGroup;
			children = (
				AF95898B275F65B100D3E6DB /* Practical_Test_IOS.xcdatamodel */,
			);
			currentVersion = AF95898B275F65B100D3E6DB /* Practical_Test_IOS.xcdatamodel */;
			path = Practical_Test_IOS.xcdatamodeld;
			sourceTree = "<group>";
			versionGroupType = wrapper.xcdatamodel;
		};
/* End XCVersionGroup section */
	};
	rootObject = AF958976275F65B100D3E6DB /* Project object */;
}
